
Microsoft Visual Studio Solution File, Format Version 12.00
# Visual Studio Version 17
VisualStudioVersion = 17.3.32901.215
MinimumVisualStudioVersion = 10.0.40219.1
Project("{FAE04EC0-301F-11D3-BF4B-00C04F79EFBC}") = "csharp-cibi-preferiti", "csharp-cibi-preferiti\csharp-cibi-preferiti.csproj", "{41490D0D-38F6-464B-9A83-2991F307BEA7}"
EndProject
Global
	GlobalSection(SolutionConfigurationPlatforms) = preSolution
		Debug|Any CPU = Debug|Any CPU
		Release|Any CPU = Release|Any CPU
	EndGlobalSection
	GlobalSection(ProjectConfigurationPlatforms) = postSolution
		{41490D0D-38F6-464B-9A83-2991F307BEA7}.Debug|Any CPU.ActiveCfg = Debug|Any CPU
		{41490D0D-38F6-464B-9A83-2991F307BEA7}.Debug|Any CPU.Build.0 = Debug|Any CPU
		{41490D0D-38F6-464B-9A83-2991F307BEA7}.Release|Any CPU.ActiveCfg = Release|Any CPU
		{41490D0D-38F6-464B-9A83-2991F307BEA7}.Release|Any CPU.Build.0 = Release|Any CPU
	EndGlobalSection
	GlobalSection(SolutionProperties) = preSolution
		HideSolutionNode = FALSE
	EndGlobalSection
	GlobalSection(ExtensibilityGlobals) = postSolution
		SolutionGuid = {B6319DA0-DBA2-4268-AA5A-508800CD7AA2}
	EndGlobalSection
EndGlobal
